
Microsoft Visual Studio Solution File, Format Version 12.00
# Visual Studio Version 17
VisualStudioVersion = 17.9.34728.123
MinimumVisualStudioVersion = 10.0.40219.1
Project("{FAE04EC0-301F-11D3-BF4B-00C04F79EFBC}") = "Вид", "Вид\Вид.csproj", "{07156338-0F68-4DFD-8781-B6F44C544E43}"
EndProject
Project("{2150E333-8FDC-42A3-9474-1A3956D46DE8}") = "Элементы решения", "Элементы решения", "{A2983B0F-9FF9-417F-819C-3A457A2E3B1B}"
	ProjectSection(SolutionItems) = preProject
		HTMLPage1.html = HTMLPage1.html
	EndProjectSection
EndProject
Project("{FAE04EC0-301F-11D3-BF4B-00C04F79EFBC}") = "EgeOrganizator", "EgeOrganizator\EgeOrganizator.csproj", "{E5B25458-710D-4565-89DB-559CC601D268}"
EndProject
Global
	GlobalSection(SolutionConfigurationPlatforms) = preSolution
		Debug|Any CPU = Debug|Any CPU
		Release|Any CPU = Release|Any CPU
	EndGlobalSection
	GlobalSection(ProjectConfigurationPlatforms) = postSolution
		{07156338-0F68-4DFD-8781-B6F44C544E43}.Debug|Any CPU.ActiveCfg = Debug|Any CPU
		{07156338-0F68-4DFD-8781-B6F44C544E43}.Debug|Any CPU.Build.0 = Debug|Any CPU
		{07156338-0F68-4DFD-8781-B6F44C544E43}.Release|Any CPU.ActiveCfg = Release|Any CPU
		{07156338-0F68-4DFD-8781-B6F44C544E43}.Release|Any CPU.Build.0 = Release|Any CPU
		{E5B25458-710D-4565-89DB-559CC601D268}.Debug|Any CPU.ActiveCfg = Debug|Any CPU
		{E5B25458-710D-4565-89DB-559CC601D268}.Debug|Any CPU.Build.0 = Debug|Any CPU
		{E5B25458-710D-4565-89DB-559CC601D268}.Release|Any CPU.ActiveCfg = Release|Any CPU
		{E5B25458-710D-4565-89DB-559CC601D268}.Release|Any CPU.Build.0 = Release|Any CPU
	EndGlobalSection
	GlobalSection(SolutionProperties) = preSolution
		HideSolutionNode = FALSE
	EndGlobalSection
	GlobalSection(ExtensibilityGlobals) = postSolution
		SolutionGuid = {69E0A969-A36E-4931-AC8B-58A4A6AD2020}
	EndGlobalSection
EndGlobal
